// !$*UTF8*$!
{
	archiveVersion = 1;
	classes = {
	};
	objectVersion = 56;
	objects = {

/* Begin PBXBuildFile section */
		FF019590299E9FE100EA57FF /* RotationGesture-Learn.swift in Sources */ = {isa = PBXBuildFile; fileRef = FF01958F299E9FE100EA57FF /* RotationGesture-Learn.swift */; };
		FF019593299EA91E00EA57FF /* DragGesture-Learn.swift in Sources */ = {isa = PBXBuildFile; fileRef = FF019592299EA91E00EA57FF /* DragGesture-Learn.swift */; };
		FF019597299ED39000EA57FF /* DragGesture_Example_TinderCardSwipe.swift in Sources */ = {isa = PBXBuildFile; fileRef = FF019596299ED39000EA57FF /* DragGesture_Example_TinderCardSwipe.swift */; };
		FF019599299FEF9400EA57FF /* DragGesture_Example_2.swift in Sources */ = {isa = PBXBuildFile; fileRef = FF019598299FEF9400EA57FF /* DragGesture_Example_2.swift */; };
		FF6860BD29CE1AB80000D413 /* DownloadWithCombine-Learn.swift in Sources */ = {isa = PBXBuildFile; fileRef = FF6860BC29CE1AB80000D413 /* DownloadWithCombine-Learn.swift */; };
		FF6A5F9229B755110094B020 /* UserModel.swift in Sources */ = {isa = PBXBuildFile; fileRef = FF6A5F9129B755110094B020 /* UserModel.swift */; };
		FF6A5F9429B755960094B020 /* ArrayModificationViewModel.swift in Sources */ = {isa = PBXBuildFile; fileRef = FF6A5F9329B755960094B020 /* ArrayModificationViewModel.swift */; };
		FF6A5F9829B76B5E0094B020 /* ManipulateDataView.swift in Sources */ = {isa = PBXBuildFile; fileRef = FF6A5F9729B76B5E0094B020 /* ManipulateDataView.swift */; };
		FF6A5F9A29B770420094B020 /* MappedArrayView.swift in Sources */ = {isa = PBXBuildFile; fileRef = FF6A5F9929B770420094B020 /* MappedArrayView.swift */; };
		FFA08AA729C34F4300AC24FB /* BackgroundThreadView.swift in Sources */ = {isa = PBXBuildFile; fileRef = FFA08AA629C34F4300AC24FB /* BackgroundThreadView.swift */; };
		FFA08AA929C34F5500AC24FB /* BackgroundThreadViewModel.swift in Sources */ = {isa = PBXBuildFile; fileRef = FFA08AA829C34F5500AC24FB /* BackgroundThreadViewModel.swift */; };
		FFA08AAC29C4DA9500AC24FB /* WeakSelfView.swift in Sources */ = {isa = PBXBuildFile; fileRef = FFA08AAB29C4DA9500AC24FB /* WeakSelfView.swift */; };
		FFA08AAE29C4DBF400AC24FB /* WeakSelfSecondScreenViewModel.swift in Sources */ = {isa = PBXBuildFile; fileRef = FFA08AAD29C4DBF400AC24FB /* WeakSelfSecondScreenViewModel.swift */; };
		FFA08AB129C7272700AC24FB /* Typealias-Learn.swift in Sources */ = {isa = PBXBuildFile; fileRef = FFA08AB029C7272600AC24FB /* Typealias-Learn.swift */; };
		FFA7454129A0F98D0074AEBB /* ScrollViewReader-learn.swift in Sources */ = {isa = PBXBuildFile; fileRef = FFA7454029A0F98D0074AEBB /* ScrollViewReader-learn.swift */; };
		FFA7454329A0FCBE0074AEBB /* ScrollViewReader_learn2.swift in Sources */ = {isa = PBXBuildFile; fileRef = FFA7454229A0FCBE0074AEBB /* ScrollViewReader_learn2.swift */; };
		FFA7454629A3E3CB0074AEBB /* GeometryReader-Learn.swift in Sources */ = {isa = PBXBuildFile; fileRef = FFA7454529A3E3CB0074AEBB /* GeometryReader-Learn.swift */; };
		FFA7454829A3E6D60074AEBB /* GeometryReader-Example.swift in Sources */ = {isa = PBXBuildFile; fileRef = FFA7454729A3E6D60074AEBB /* GeometryReader-Example.swift */; };
		FFDECC7929C8A9AE000EB7A9 /* Escaping-Learn.swift in Sources */ = {isa = PBXBuildFile; fileRef = FFDECC7829C8A9AE000EB7A9 /* Escaping-Learn.swift */; };
		FFDECC7C29CA1E84000EB7A9 /* Codable-Learn.swift in Sources */ = {isa = PBXBuildFile; fileRef = FFDECC7B29CA1E84000EB7A9 /* Codable-Learn.swift */; };
		FFDECC7E29CA2182000EB7A9 /* CustomerModel.swift in Sources */ = {isa = PBXBuildFile; fileRef = FFDECC7D29CA2182000EB7A9 /* CustomerModel.swift */; };
		FFDECC8029CA21A6000EB7A9 /* CodableViewModel.swift in Sources */ = {isa = PBXBuildFile; fileRef = FFDECC7F29CA21A6000EB7A9 /* CodableViewModel.swift */; };
		FFDECC8329CCBD12000EB7A9 /* DownloadWithEscaping-Learn.swift in Sources */ = {isa = PBXBuildFile; fileRef = FFDECC8229CCBD12000EB7A9 /* DownloadWithEscaping-Learn.swift */; };
		FFDF807529B3B58C004C50B9 /* LocalNotification-Learn.swift in Sources */ = {isa = PBXBuildFile; fileRef = FFDF807429B3B58C004C50B9 /* LocalNotification-Learn.swift */; };
		FFE60599299CFF740002BA40 /* MagnificationGesture-learn.swift in Sources */ = {isa = PBXBuildFile; fileRef = FFE60598299CFF740002BA40 /* MagnificationGesture-learn.swift */; };
		FFE6059B299D41160002BA40 /* MagnificationGesture-Example.swift in Sources */ = {isa = PBXBuildFile; fileRef = FFE6059A299D41160002BA40 /* MagnificationGesture-Example.swift */; };
		FFF85FAC29950D0400ED6EAE /* PracticeSiwftUIApp.swift in Sources */ = {isa = PBXBuildFile; fileRef = FFF85FAB29950D0400ED6EAE /* PracticeSiwftUIApp.swift */; };
		FFF85FAE29950D0400ED6EAE /* ContentView.swift in Sources */ = {isa = PBXBuildFile; fileRef = FFF85FAD29950D0400ED6EAE /* ContentView.swift */; };
		FFF85FB029950D0600ED6EAE /* Assets.xcassets in Resources */ = {isa = PBXBuildFile; fileRef = FFF85FAF29950D0600ED6EAE /* Assets.xcassets */; };
		FFF85FB329950D0600ED6EAE /* Preview Assets.xcassets in Resources */ = {isa = PBXBuildFile; fileRef = FFF85FB229950D0600ED6EAE /* Preview Assets.xcassets */; };
		FFF85FBD299526B000ED6EAE /* LongPressGesture-learn.swift in Sources */ = {isa = PBXBuildFile; fileRef = FFF85FBC299526B000ED6EAE /* LongPressGesture-learn.swift */; };
		FFF85FBF2995281600ED6EAE /* LongPressGesture-Example.swift in Sources */ = {isa = PBXBuildFile; fileRef = FFF85FBE2995281600ED6EAE /* LongPressGesture-Example.swift */; };
		FFFCBE6B29A5384F000AC0ED /* MultipleSheets_Practice1_Error_version.swift in Sources */ = {isa = PBXBuildFile; fileRef = FFFCBE6A29A5384F000AC0ED /* MultipleSheets_Practice1_Error_version.swift */; };
		FFFCBE6D29A61001000AC0ED /* MultipleSheets_Practice3_SolutionWithBinding.swift in Sources */ = {isa = PBXBuildFile; fileRef = FFFCBE6C29A61001000AC0ED /* MultipleSheets_Practice3_SolutionWithBinding.swift */; };
		FFFCBE6F29A6129F000AC0ED /* MultipleSheets_Practice2_SolutionUsingMultipleSheets.swift in Sources */ = {isa = PBXBuildFile; fileRef = FFFCBE6E29A6129F000AC0ED /* MultipleSheets_Practice2_SolutionUsingMultipleSheets.swift */; };
		FFFCBE7129A61599000AC0ED /* MultipleSheets_Practice4_SolutionWithItem.swift in Sources */ = {isa = PBXBuildFile; fileRef = FFFCBE7029A61599000AC0ED /* MultipleSheets_Practice4_SolutionWithItem.swift */; };
		FFFCBE7429A7DB35000AC0ED /* MaskModifier-Practice.swift in Sources */ = {isa = PBXBuildFile; fileRef = FFFCBE7329A7DB35000AC0ED /* MaskModifier-Practice.swift */; };
		FFFCBE7629A7DD83000AC0ED /* MaskModifier_Practice2.swift in Sources */ = {isa = PBXBuildFile; fileRef = FFFCBE7529A7DD83000AC0ED /* MaskModifier_Practice2.swift */; };
		FFFCBE7929A80C98000AC0ED /* SoundEffect-Practice.swift in Sources */ = {isa = PBXBuildFile; fileRef = FFFCBE7829A80C98000AC0ED /* SoundEffect-Practice.swift */; };
		FFFCBE7C29A81F96000AC0ED /* tada.mp3 in Resources */ = {isa = PBXBuildFile; fileRef = FFFCBE7B29A81F96000AC0ED /* tada.mp3 */; };
		FFFCBE7E29A81FB3000AC0ED /* badum.mp3 in Resources */ = {isa = PBXBuildFile; fileRef = FFFCBE7D29A81FB3000AC0ED /* badum.mp3 */; };
		FFFCBE8129A82742000AC0ED /* HapticsAndVibrations-Practice.swift in Sources */ = {isa = PBXBuildFile; fileRef = FFFCBE8029A82742000AC0ED /* HapticsAndVibrations-Practice.swift */; };
		FFFCBE8429A839D3000AC0ED /* Hashable-Learn.swift in Sources */ = {isa = PBXBuildFile; fileRef = FFFCBE8329A839D3000AC0ED /* Hashable-Learn.swift */; };
/* End PBXBuildFile section */

/* Begin PBXFileReference section */
		FF01958F299E9FE100EA57FF /* RotationGesture-Learn.swift */ = {isa = PBXFileReference; lastKnownFileType = sourcecode.swift; path = "RotationGesture-Learn.swift"; sourceTree = "<group>"; };
		FF019592299EA91E00EA57FF /* DragGesture-Learn.swift */ = {isa = PBXFileReference; lastKnownFileType = sourcecode.swift; path = "DragGesture-Learn.swift"; sourceTree = "<group>"; };
		FF019596299ED39000EA57FF /* DragGesture_Example_TinderCardSwipe.swift */ = {isa = PBXFileReference; lastKnownFileType = sourcecode.swift; path = DragGesture_Example_TinderCardSwipe.swift; sourceTree = "<group>"; };
		FF019598299FEF9400EA57FF /* DragGesture_Example_2.swift */ = {isa = PBXFileReference; lastKnownFileType = sourcecode.swift; path = DragGesture_Example_2.swift; sourceTree = "<group>"; };
		FF6860BC29CE1AB80000D413 /* DownloadWithCombine-Learn.swift */ = {isa = PBXFileReference; lastKnownFileType = sourcecode.swift; path = "DownloadWithCombine-Learn.swift"; sourceTree = "<group>"; };
		FF6A5F9129B755110094B020 /* UserModel.swift */ = {isa = PBXFileReference; lastKnownFileType = sourcecode.swift; path = UserModel.swift; sourceTree = "<group>"; };
		FF6A5F9329B755960094B020 /* ArrayModificationViewModel.swift */ = {isa = PBXFileReference; lastKnownFileType = sourcecode.swift; path = ArrayModificationViewModel.swift; sourceTree = "<group>"; };
		FF6A5F9729B76B5E0094B020 /* ManipulateDataView.swift */ = {isa = PBXFileReference; lastKnownFileType = sourcecode.swift; path = ManipulateDataView.swift; sourceTree = "<group>"; };
		FF6A5F9929B770420094B020 /* MappedArrayView.swift */ = {isa = PBXFileReference; lastKnownFileType = sourcecode.swift; path = MappedArrayView.swift; sourceTree = "<group>"; };
		FFA08AA629C34F4300AC24FB /* BackgroundThreadView.swift */ = {isa = PBXFileReference; lastKnownFileType = sourcecode.swift; path = BackgroundThreadView.swift; sourceTree = "<group>"; };
		FFA08AA829C34F5500AC24FB /* BackgroundThreadViewModel.swift */ = {isa = PBXFileReference; lastKnownFileType = sourcecode.swift; path = BackgroundThreadViewModel.swift; sourceTree = "<group>"; };
		FFA08AAB29C4DA9500AC24FB /* WeakSelfView.swift */ = {isa = PBXFileReference; lastKnownFileType = sourcecode.swift; path = WeakSelfView.swift; sourceTree = "<group>"; };
		FFA08AAD29C4DBF400AC24FB /* WeakSelfSecondScreenViewModel.swift */ = {isa = PBXFileReference; lastKnownFileType = sourcecode.swift; path = WeakSelfSecondScreenViewModel.swift; sourceTree = "<group>"; };
		FFA08AB029C7272600AC24FB /* Typealias-Learn.swift */ = {isa = PBXFileReference; lastKnownFileType = sourcecode.swift; path = "Typealias-Learn.swift"; sourceTree = "<group>"; };
		FFA7454029A0F98D0074AEBB /* ScrollViewReader-learn.swift */ = {isa = PBXFileReference; lastKnownFileType = sourcecode.swift; path = "ScrollViewReader-learn.swift"; sourceTree = "<group>"; };
		FFA7454229A0FCBE0074AEBB /* ScrollViewReader_learn2.swift */ = {isa = PBXFileReference; lastKnownFileType = sourcecode.swift; path = ScrollViewReader_learn2.swift; sourceTree = "<group>"; };
		FFA7454529A3E3CB0074AEBB /* GeometryReader-Learn.swift */ = {isa = PBXFileReference; lastKnownFileType = sourcecode.swift; path = "GeometryReader-Learn.swift"; sourceTree = "<group>"; };
		FFA7454729A3E6D60074AEBB /* GeometryReader-Example.swift */ = {isa = PBXFileReference; lastKnownFileType = sourcecode.swift; path = "GeometryReader-Example.swift"; sourceTree = "<group>"; };
		FFDECC7829C8A9AE000EB7A9 /* Escaping-Learn.swift */ = {isa = PBXFileReference; lastKnownFileType = sourcecode.swift; path = "Escaping-Learn.swift"; sourceTree = "<group>"; };
		FFDECC7B29CA1E84000EB7A9 /* Codable-Learn.swift */ = {isa = PBXFileReference; lastKnownFileType = sourcecode.swift; path = "Codable-Learn.swift"; sourceTree = "<group>"; };
		FFDECC7D29CA2182000EB7A9 /* CustomerModel.swift */ = {isa = PBXFileReference; lastKnownFileType = sourcecode.swift; path = CustomerModel.swift; sourceTree = "<group>"; };
		FFDECC7F29CA21A6000EB7A9 /* CodableViewModel.swift */ = {isa = PBXFileReference; lastKnownFileType = sourcecode.swift; path = CodableViewModel.swift; sourceTree = "<group>"; };
		FFDECC8229CCBD12000EB7A9 /* DownloadWithEscaping-Learn.swift */ = {isa = PBXFileReference; lastKnownFileType = sourcecode.swift; path = "DownloadWithEscaping-Learn.swift"; sourceTree = "<group>"; };
		FFDF807429B3B58C004C50B9 /* LocalNotification-Learn.swift */ = {isa = PBXFileReference; lastKnownFileType = sourcecode.swift; path = "LocalNotification-Learn.swift"; sourceTree = "<group>"; };
		FFE60598299CFF740002BA40 /* MagnificationGesture-learn.swift */ = {isa = PBXFileReference; lastKnownFileType = sourcecode.swift; path = "MagnificationGesture-learn.swift"; sourceTree = "<group>"; };
		FFE6059A299D41160002BA40 /* MagnificationGesture-Example.swift */ = {isa = PBXFileReference; lastKnownFileType = sourcecode.swift; path = "MagnificationGesture-Example.swift"; sourceTree = "<group>"; };
		FFF85FA829950D0400ED6EAE /* PracticeSiwftUI.app */ = {isa = PBXFileReference; explicitFileType = wrapper.application; includeInIndex = 0; path = PracticeSiwftUI.app; sourceTree = BUILT_PRODUCTS_DIR; };
		FFF85FAB29950D0400ED6EAE /* PracticeSiwftUIApp.swift */ = {isa = PBXFileReference; lastKnownFileType = sourcecode.swift; path = PracticeSiwftUIApp.swift; sourceTree = "<group>"; };
		FFF85FAD29950D0400ED6EAE /* ContentView.swift */ = {isa = PBXFileReference; lastKnownFileType = sourcecode.swift; path = ContentView.swift; sourceTree = "<group>"; };
		FFF85FAF29950D0600ED6EAE /* Assets.xcassets */ = {isa = PBXFileReference; lastKnownFileType = folder.assetcatalog; path = Assets.xcassets; sourceTree = "<group>"; };
		FFF85FB229950D0600ED6EAE /* Preview Assets.xcassets */ = {isa = PBXFileReference; lastKnownFileType = folder.assetcatalog; path = "Preview Assets.xcassets"; sourceTree = "<group>"; };
		FFF85FBC299526B000ED6EAE /* LongPressGesture-learn.swift */ = {isa = PBXFileReference; lastKnownFileType = sourcecode.swift; path = "LongPressGesture-learn.swift"; sourceTree = "<group>"; };
		FFF85FBE2995281600ED6EAE /* LongPressGesture-Example.swift */ = {isa = PBXFileReference; lastKnownFileType = sourcecode.swift; path = "LongPressGesture-Example.swift"; sourceTree = "<group>"; };
		FFFCBE6A29A5384F000AC0ED /* MultipleSheets_Practice1_Error_version.swift */ = {isa = PBXFileReference; lastKnownFileType = sourcecode.swift; path = MultipleSheets_Practice1_Error_version.swift; sourceTree = "<group>"; };
		FFFCBE6C29A61001000AC0ED /* MultipleSheets_Practice3_SolutionWithBinding.swift */ = {isa = PBXFileReference; lastKnownFileType = sourcecode.swift; path = MultipleSheets_Practice3_SolutionWithBinding.swift; sourceTree = "<group>"; };
		FFFCBE6E29A6129F000AC0ED /* MultipleSheets_Practice2_SolutionUsingMultipleSheets.swift */ = {isa = PBXFileReference; lastKnownFileType = sourcecode.swift; path = MultipleSheets_Practice2_SolutionUsingMultipleSheets.swift; sourceTree = "<group>"; };
		FFFCBE7029A61599000AC0ED /* MultipleSheets_Practice4_SolutionWithItem.swift */ = {isa = PBXFileReference; lastKnownFileType = sourcecode.swift; path = MultipleSheets_Practice4_SolutionWithItem.swift; sourceTree = "<group>"; };
		FFFCBE7329A7DB35000AC0ED /* MaskModifier-Practice.swift */ = {isa = PBXFileReference; lastKnownFileType = sourcecode.swift; path = "MaskModifier-Practice.swift"; sourceTree = "<group>"; };
		FFFCBE7529A7DD83000AC0ED /* MaskModifier_Practice2.swift */ = {isa = PBXFileReference; lastKnownFileType = sourcecode.swift; path = MaskModifier_Practice2.swift; sourceTree = "<group>"; };
		FFFCBE7829A80C98000AC0ED /* SoundEffect-Practice.swift */ = {isa = PBXFileReference; lastKnownFileType = sourcecode.swift; path = "SoundEffect-Practice.swift"; sourceTree = "<group>"; };
		FFFCBE7B29A81F96000AC0ED /* tada.mp3 */ = {isa = PBXFileReference; lastKnownFileType = audio.mp3; path = tada.mp3; sourceTree = "<group>"; };
		FFFCBE7D29A81FB3000AC0ED /* badum.mp3 */ = {isa = PBXFileReference; lastKnownFileType = audio.mp3; path = badum.mp3; sourceTree = "<group>"; };
		FFFCBE8029A82742000AC0ED /* HapticsAndVibrations-Practice.swift */ = {isa = PBXFileReference; lastKnownFileType = sourcecode.swift; path = "HapticsAndVibrations-Practice.swift"; sourceTree = "<group>"; };
		FFFCBE8329A839D3000AC0ED /* Hashable-Learn.swift */ = {isa = PBXFileReference; lastKnownFileType = sourcecode.swift; path = "Hashable-Learn.swift"; sourceTree = "<group>"; };
/* End PBXFileReference section */

/* Begin PBXFrameworksBuildPhase section */
		FFF85FA529950D0400ED6EAE /* Frameworks */ = {
			isa = PBXFrameworksBuildPhase;
			buildActionMask = 2147483647;
			files = (
			);
			runOnlyForDeploymentPostprocessing = 0;
		};
/* End PBXFrameworksBuildPhase section */

/* Begin PBXGroup section */
		FF01958C299E9F6300EA57FF /* RotationGesture */ = {
			isa = PBXGroup;
			children = (
				FF01958F299E9FE100EA57FF /* RotationGesture-Learn.swift */,
			);
			path = RotationGesture;
			sourceTree = "<group>";
		};
		FF019591299EA40C00EA57FF /* DragGesture */ = {
			isa = PBXGroup;
			children = (
				FF019592299EA91E00EA57FF /* DragGesture-Learn.swift */,
				FF019596299ED39000EA57FF /* DragGesture_Example_TinderCardSwipe.swift */,
				FF019598299FEF9400EA57FF /* DragGesture_Example_2.swift */,
			);
			path = DragGesture;
			sourceTree = "<group>";
		};
		FF6860BB29CE1AA80000D413 /* DownloadWithCombine */ = {
			isa = PBXGroup;
			children = (
				FF6860BC29CE1AB80000D413 /* DownloadWithCombine-Learn.swift */,
			);
			path = DownloadWithCombine;
			sourceTree = "<group>";
		};
		FF6A5F9029B754CE0094B020 /* ManipulateData */ = {
			isa = PBXGroup;
			children = (
				FF6A5F9129B755110094B020 /* UserModel.swift */,
				FF6A5F9329B755960094B020 /* ArrayModificationViewModel.swift */,
				FF6A5F9729B76B5E0094B020 /* ManipulateDataView.swift */,
				FF6A5F9929B770420094B020 /* MappedArrayView.swift */,
			);
			path = ManipulateData;
			sourceTree = "<group>";
		};
		FFA08AA529C34F3100AC24FB /* BackgroundThread */ = {
			isa = PBXGroup;
			children = (
				FFA08AA629C34F4300AC24FB /* BackgroundThreadView.swift */,
				FFA08AA829C34F5500AC24FB /* BackgroundThreadViewModel.swift */,
			);
			path = BackgroundThread;
			sourceTree = "<group>";
		};
		FFA08AAA29C4DA6D00AC24FB /* WeakSelf */ = {
			isa = PBXGroup;
			children = (
				FFA08AAB29C4DA9500AC24FB /* WeakSelfView.swift */,
				FFA08AAD29C4DBF400AC24FB /* WeakSelfSecondScreenViewModel.swift */,
			);
			path = WeakSelf;
			sourceTree = "<group>";
		};
		FFA08AAF29C7271400AC24FB /* Typealias */ = {
			isa = PBXGroup;
			children = (
				FFA08AB029C7272600AC24FB /* Typealias-Learn.swift */,
			);
			path = Typealias;
			sourceTree = "<group>";
		};
		FFA1FAE529AA1DE90084A923 /* LocalPushNotifications  */ = {
			isa = PBXGroup;
			children = (
				FFDF807429B3B58C004C50B9 /* LocalNotification-Learn.swift */,
			);
			path = "LocalPushNotifications ";
			sourceTree = "<group>";
		};
		FFA7453D29A0F83E0074AEBB /* ScrollViewReader */ = {
			isa = PBXGroup;
			children = (
				FFA7454029A0F98D0074AEBB /* ScrollViewReader-learn.swift */,
				FFA7454229A0FCBE0074AEBB /* ScrollViewReader_learn2.swift */,
			);
			path = ScrollViewReader;
			sourceTree = "<group>";
		};
		FFA7454429A3E3B80074AEBB /* GeometryReader */ = {
			isa = PBXGroup;
			children = (
				FFA7454529A3E3CB0074AEBB /* GeometryReader-Learn.swift */,
				FFA7454729A3E6D60074AEBB /* GeometryReader-Example.swift */,
			);
			path = GeometryReader;
			sourceTree = "<group>";
		};
		FFDECC7729C8A993000EB7A9 /* Escaping */ = {
			isa = PBXGroup;
			children = (
				FFDECC7829C8A9AE000EB7A9 /* Escaping-Learn.swift */,
			);
			path = Escaping;
			sourceTree = "<group>";
		};
		FFDECC7A29CA1E6F000EB7A9 /* Codable */ = {
			isa = PBXGroup;
			children = (
				FFDECC7B29CA1E84000EB7A9 /* Codable-Learn.swift */,
				FFDECC7D29CA2182000EB7A9 /* CustomerModel.swift */,
				FFDECC7F29CA21A6000EB7A9 /* CodableViewModel.swift */,
			);
			path = Codable;
			sourceTree = "<group>";
		};
		FFDECC8129CCBCFD000EB7A9 /* DownloadWithEscaping */ = {
			isa = PBXGroup;
			children = (
				FFDECC8229CCBD12000EB7A9 /* DownloadWithEscaping-Learn.swift */,
			);
			path = DownloadWithEscaping;
			sourceTree = "<group>";
		};
		FFE60597299CFEF90002BA40 /* MagnificationGesture */ = {
			isa = PBXGroup;
			children = (
				FFE60598299CFF740002BA40 /* MagnificationGesture-learn.swift */,
				FFE6059A299D41160002BA40 /* MagnificationGesture-Example.swift */,
			);
			path = MagnificationGesture;
			sourceTree = "<group>";
		};
		FFF85F9F29950D0400ED6EAE = {
			isa = PBXGroup;
			children = (
				FFF85FAA29950D0400ED6EAE /* PracticeSiwftUI */,
				FFF85FA929950D0400ED6EAE /* Products */,
			);
			sourceTree = "<group>";
		};
		FFF85FA929950D0400ED6EAE /* Products */ = {
			isa = PBXGroup;
			children = (
				FFF85FA829950D0400ED6EAE /* PracticeSiwftUI.app */,
			);
			name = Products;
			sourceTree = "<group>";
		};
		FFF85FAA29950D0400ED6EAE /* PracticeSiwftUI */ = {
			isa = PBXGroup;
			children = (
				FF6860BB29CE1AA80000D413 /* DownloadWithCombine */,
				FFDECC8129CCBCFD000EB7A9 /* DownloadWithEscaping */,
				FFDECC7A29CA1E6F000EB7A9 /* Codable */,
				FFDECC7729C8A993000EB7A9 /* Escaping */,
				FFA08AAF29C7271400AC24FB /* Typealias */,
				FFA08AAA29C4DA6D00AC24FB /* WeakSelf */,
				FFA08AA529C34F3100AC24FB /* BackgroundThread */,
				FF6A5F9029B754CE0094B020 /* ManipulateData */,
				FFA1FAE529AA1DE90084A923 /* LocalPushNotifications  */,
				FFFCBE8229A839C3000AC0ED /* Hashable */,
				FFFCBE7F29A82717000AC0ED /* HapticsAndVibrations */,
				FFFCBE7729A80C43000AC0ED /* SoundEffect */,
				FFFCBE7229A7DAFD000AC0ED /* MaskModifier */,
				FFFCBE6729A52E28000AC0ED /* MultipleSheets */,
				FFA7454429A3E3B80074AEBB /* GeometryReader */,
				FFA7453D29A0F83E0074AEBB /* ScrollViewReader */,
				FF019591299EA40C00EA57FF /* DragGesture */,
				FF01958C299E9F6300EA57FF /* RotationGesture */,
				FFE60597299CFEF90002BA40 /* MagnificationGesture */,
				FFF85FBB2995265D00ED6EAE /* LongPressGesture */,
				FFF85FAB29950D0400ED6EAE /* PracticeSiwftUIApp.swift */,
				FFF85FAD29950D0400ED6EAE /* ContentView.swift */,
				FFF85FAF29950D0600ED6EAE /* Assets.xcassets */,
				FFF85FB129950D0600ED6EAE /* Preview Content */,
			);
			path = PracticeSiwftUI;
			sourceTree = "<group>";
		};
		FFF85FB129950D0600ED6EAE /* Preview Content */ = {
			isa = PBXGroup;
			children = (
				FFF85FB229950D0600ED6EAE /* Preview Assets.xcassets */,
			);
			path = "Preview Content";
			sourceTree = "<group>";
		};
		FFF85FBB2995265D00ED6EAE /* LongPressGesture */ = {
			isa = PBXGroup;
			children = (
				FFF85FBC299526B000ED6EAE /* LongPressGesture-learn.swift */,
				FFF85FBE2995281600ED6EAE /* LongPressGesture-Example.swift */,
			);
			path = LongPressGesture;
			sourceTree = "<group>";
		};
		FFFCBE6729A52E28000AC0ED /* MultipleSheets */ = {
			isa = PBXGroup;
			children = (
				FFFCBE6A29A5384F000AC0ED /* MultipleSheets_Practice1_Error_version.swift */,
				FFFCBE6C29A61001000AC0ED /* MultipleSheets_Practice3_SolutionWithBinding.swift */,
				FFFCBE6E29A6129F000AC0ED /* MultipleSheets_Practice2_SolutionUsingMultipleSheets.swift */,
				FFFCBE7029A61599000AC0ED /* MultipleSheets_Practice4_SolutionWithItem.swift */,
			);
			path = MultipleSheets;
			sourceTree = "<group>";
		};
		FFFCBE7229A7DAFD000AC0ED /* MaskModifier */ = {
			isa = PBXGroup;
			children = (
				FFFCBE7329A7DB35000AC0ED /* MaskModifier-Practice.swift */,
				FFFCBE7529A7DD83000AC0ED /* MaskModifier_Practice2.swift */,
			);
			path = MaskModifier;
			sourceTree = "<group>";
		};
		FFFCBE7729A80C43000AC0ED /* SoundEffect */ = {
			isa = PBXGroup;
			children = (
				FFFCBE7A29A80ED4000AC0ED /* Sounds */,
				FFFCBE7829A80C98000AC0ED /* SoundEffect-Practice.swift */,
			);
			path = SoundEffect;
			sourceTree = "<group>";
		};
		FFFCBE7A29A80ED4000AC0ED /* Sounds */ = {
			isa = PBXGroup;
			children = (
				FFFCBE7B29A81F96000AC0ED /* tada.mp3 */,
				FFFCBE7D29A81FB3000AC0ED /* badum.mp3 */,
			);
			path = Sounds;
			sourceTree = "<group>";
		};
		FFFCBE7F29A82717000AC0ED /* HapticsAndVibrations */ = {
			isa = PBXGroup;
			children = (
				FFFCBE8029A82742000AC0ED /* HapticsAndVibrations-Practice.swift */,
			);
			path = HapticsAndVibrations;
			sourceTree = "<group>";
		};
		FFFCBE8229A839C3000AC0ED /* Hashable */ = {
			isa = PBXGroup;
			children = (
				FFFCBE8329A839D3000AC0ED /* Hashable-Learn.swift */,
			);
			path = Hashable;
			sourceTree = "<group>";
		};
/* End PBXGroup section */

/* Begin PBXNativeTarget section */
		FFF85FA729950D0400ED6EAE /* PracticeSiwftUI */ = {
			isa = PBXNativeTarget;
			buildConfigurationList = FFF85FB629950D0600ED6EAE /* Build configuration list for PBXNativeTarget "PracticeSiwftUI" */;
			buildPhases = (
				FFF85FA429950D0400ED6EAE /* Sources */,
				FFF85FA529950D0400ED6EAE /* Frameworks */,
				FFF85FA629950D0400ED6EAE /* Resources */,
			);
			buildRules = (
			);
			dependencies = (
			);
			name = PracticeSiwftUI;
			productName = PracticeSiwftUI;
			productReference = FFF85FA829950D0400ED6EAE /* PracticeSiwftUI.app */;
			productType = "com.apple.product-type.application";
		};
/* End PBXNativeTarget section */

/* Begin PBXProject section */
		FFF85FA029950D0400ED6EAE /* Project object */ = {
			isa = PBXProject;
			attributes = {
				BuildIndependentTargetsInParallel = 1;
				LastSwiftUpdateCheck = 1420;
				LastUpgradeCheck = 1420;
				TargetAttributes = {
					FFF85FA729950D0400ED6EAE = {
						CreatedOnToolsVersion = 14.2;
					};
				};
			};
			buildConfigurationList = FFF85FA329950D0400ED6EAE /* Build configuration list for PBXProject "PracticeSiwftUI" */;
			compatibilityVersion = "Xcode 14.0";
			developmentRegion = en;
			hasScannedForEncodings = 0;
			knownRegions = (
				en,
				Base,
			);
			mainGroup = FFF85F9F29950D0400ED6EAE;
			productRefGroup = FFF85FA929950D0400ED6EAE /* Products */;
			projectDirPath = "";
			projectRoot = "";
			targets = (
				FFF85FA729950D0400ED6EAE /* PracticeSiwftUI */,
			);
		};
/* End PBXProject section */

/* Begin PBXResourcesBuildPhase section */
		FFF85FA629950D0400ED6EAE /* Resources */ = {
			isa = PBXResourcesBuildPhase;
			buildActionMask = 2147483647;
			files = (
				FFFCBE7E29A81FB3000AC0ED /* badum.mp3 in Resources */,
				FFFCBE7C29A81F96000AC0ED /* tada.mp3 in Resources */,
				FFF85FB329950D0600ED6EAE /* Preview Assets.xcassets in Resources */,
				FFF85FB029950D0600ED6EAE /* Assets.xcassets in Resources */,
			);
			runOnlyForDeploymentPostprocessing = 0;
		};
/* End PBXResourcesBuildPhase section */

/* Begin PBXSourcesBuildPhase section */
		FFF85FA429950D0400ED6EAE /* Sources */ = {
			isa = PBXSourcesBuildPhase;
			buildActionMask = 2147483647;
			files = (
				FFA7454329A0FCBE0074AEBB /* ScrollViewReader_learn2.swift in Sources */,
				FFDF807529B3B58C004C50B9 /* LocalNotification-Learn.swift in Sources */,
				FF019597299ED39000EA57FF /* DragGesture_Example_TinderCardSwipe.swift in Sources */,
				FFA08AAC29C4DA9500AC24FB /* WeakSelfView.swift in Sources */,
				FFFCBE8129A82742000AC0ED /* HapticsAndVibrations-Practice.swift in Sources */,
				FFA08AA729C34F4300AC24FB /* BackgroundThreadView.swift in Sources */,
				FF6A5F9829B76B5E0094B020 /* ManipulateDataView.swift in Sources */,
				FF019599299FEF9400EA57FF /* DragGesture_Example_2.swift in Sources */,
				FFFCBE7429A7DB35000AC0ED /* MaskModifier-Practice.swift in Sources */,
				FFA7454829A3E6D60074AEBB /* GeometryReader-Example.swift in Sources */,
				FFFCBE6F29A6129F000AC0ED /* MultipleSheets_Practice2_SolutionUsingMultipleSheets.swift in Sources */,
				FF6A5F9229B755110094B020 /* UserModel.swift in Sources */,
				FFFCBE7929A80C98000AC0ED /* SoundEffect-Practice.swift in Sources */,
				FFFCBE6D29A61001000AC0ED /* MultipleSheets_Practice3_SolutionWithBinding.swift in Sources */,
				FFE6059B299D41160002BA40 /* MagnificationGesture-Example.swift in Sources */,
				FFFCBE7129A61599000AC0ED /* MultipleSheets_Practice4_SolutionWithItem.swift in Sources */,
				FF6860BD29CE1AB80000D413 /* DownloadWithCombine-Learn.swift in Sources */,
				FFDECC7929C8A9AE000EB7A9 /* Escaping-Learn.swift in Sources */,
				FFDECC7C29CA1E84000EB7A9 /* Codable-Learn.swift in Sources */,
				FFF85FAE29950D0400ED6EAE /* ContentView.swift in Sources */,
				FFA08AA929C34F5500AC24FB /* BackgroundThreadViewModel.swift in Sources */,
				FFF85FAC29950D0400ED6EAE /* PracticeSiwftUIApp.swift in Sources */,
				FFFCBE8429A839D3000AC0ED /* Hashable-Learn.swift in Sources */,
				FFE60599299CFF740002BA40 /* MagnificationGesture-learn.swift in Sources */,
				FFFCBE6B29A5384F000AC0ED /* MultipleSheets_Practice1_Error_version.swift in Sources */,
				FF019590299E9FE100EA57FF /* RotationGesture-Learn.swift in Sources */,
				FFDECC7E29CA2182000EB7A9 /* CustomerModel.swift in Sources */,
				FFDECC8029CA21A6000EB7A9 /* CodableViewModel.swift in Sources */,
				FFFCBE7629A7DD83000AC0ED /* MaskModifier_Practice2.swift in Sources */,
				FFDECC8329CCBD12000EB7A9 /* DownloadWithEscaping-Learn.swift in Sources */,
				FFA08AAE29C4DBF400AC24FB /* WeakSelfSecondScreenViewModel.swift in Sources */,
				FFF85FBF2995281600ED6EAE /* LongPressGesture-Example.swift in Sources */,
				FF019593299EA91E00EA57FF /* DragGesture-Learn.swift in Sources */,
				FF6A5F9429B755960094B020 /* ArrayModificationViewModel.swift in Sources */,
				FFA7454629A3E3CB0074AEBB /* GeometryReader-Learn.swift in Sources */,
				FF6A5F9A29B770420094B020 /* MappedArrayView.swift in Sources */,
				FFA08AB129C7272700AC24FB /* Typealias-Learn.swift in Sources */,
				FFF85FBD299526B000ED6EAE /* LongPressGesture-learn.swift in Sources */,
				FFA7454129A0F98D0074AEBB /* ScrollViewReader-learn.swift in Sources */,
			);
			runOnlyForDeploymentPostprocessing = 0;
		};
/* End PBXSourcesBuildPhase section */

/* Begin XCBuildConfiguration section */
		FFF85FB429950D0600ED6EAE /* Debug */ = {
			isa = XCBuildConfiguration;
			buildSettings = {
				ALWAYS_SEARCH_USER_PATHS = NO;
				CLANG_ANALYZER_NONNULL = YES;
				CLANG_ANALYZER_NUMBER_OBJECT_CONVERSION = YES_AGGRESSIVE;
				CLANG_CXX_LANGUAGE_STANDARD = "gnu++20";
				CLANG_ENABLE_MODULES = YES;
				CLANG_ENABLE_OBJC_ARC = YES;
				CLANG_ENABLE_OBJC_WEAK = YES;
				CLANG_WARN_BLOCK_CAPTURE_AUTORELEASING = YES;
				CLANG_WARN_BOOL_CONVERSION = YES;
				CLANG_WARN_COMMA = YES;
				CLANG_WARN_CONSTANT_CONVERSION = YES;
				CLANG_WARN_DEPRECATED_OBJC_IMPLEMENTATIONS = YES;
				CLANG_WARN_DIRECT_OBJC_ISA_USAGE = YES_ERROR;
				CLANG_WARN_DOCUMENTATION_COMMENTS = YES;
				CLANG_WARN_EMPTY_BODY = YES;
				CLANG_WARN_ENUM_CONVERSION = YES;
				CLANG_WARN_INFINITE_RECURSION = YES;
				CLANG_WARN_INT_CONVERSION = YES;
				CLANG_WARN_NON_LITERAL_NULL_CONVERSION = YES;
				CLANG_WARN_OBJC_IMPLICIT_RETAIN_SELF = YES;
				CLANG_WARN_OBJC_LITERAL_CONVERSION = YES;
				CLANG_WARN_OBJC_ROOT_CLASS = YES_ERROR;
				CLANG_WARN_QUOTED_INCLUDE_IN_FRAMEWORK_HEADER = YES;
				CLANG_WARN_RANGE_LOOP_ANALYSIS = YES;
				CLANG_WARN_STRICT_PROTOTYPES = YES;
				CLANG_WARN_SUSPICIOUS_MOVE = YES;
				CLANG_WARN_UNGUARDED_AVAILABILITY = YES_AGGRESSIVE;
				CLANG_WARN_UNREACHABLE_CODE = YES;
				CLANG_WARN__DUPLICATE_METHOD_MATCH = YES;
				COPY_PHASE_STRIP = NO;
				DEBUG_INFORMATION_FORMAT = dwarf;
				ENABLE_STRICT_OBJC_MSGSEND = YES;
				ENABLE_TESTABILITY = YES;
				GCC_C_LANGUAGE_STANDARD = gnu11;
				GCC_DYNAMIC_NO_PIC = NO;
				GCC_NO_COMMON_BLOCKS = YES;
				GCC_OPTIMIZATION_LEVEL = 0;
				GCC_PREPROCESSOR_DEFINITIONS = (
					"DEBUG=1",
					"$(inherited)",
				);
				GCC_WARN_64_TO_32_BIT_CONVERSION = YES;
				GCC_WARN_ABOUT_RETURN_TYPE = YES_ERROR;
				GCC_WARN_UNDECLARED_SELECTOR = YES;
				GCC_WARN_UNINITIALIZED_AUTOS = YES_AGGRESSIVE;
				GCC_WARN_UNUSED_FUNCTION = YES;
				GCC_WARN_UNUSED_VARIABLE = YES;
				IPHONEOS_DEPLOYMENT_TARGET = 16.2;
				MTL_ENABLE_DEBUG_INFO = INCLUDE_SOURCE;
				MTL_FAST_MATH = YES;
				ONLY_ACTIVE_ARCH = YES;
				SDKROOT = iphoneos;
				SWIFT_ACTIVE_COMPILATION_CONDITIONS = DEBUG;
				SWIFT_OPTIMIZATION_LEVEL = "-Onone";
			};
			name = Debug;
		};
		FFF85FB529950D0600ED6EAE /* Release */ = {
			isa = XCBuildConfiguration;
			buildSettings = {
				ALWAYS_SEARCH_USER_PATHS = NO;
				CLANG_ANALYZER_NONNULL = YES;
				CLANG_ANALYZER_NUMBER_OBJECT_CONVERSION = YES_AGGRESSIVE;
				CLANG_CXX_LANGUAGE_STANDARD = "gnu++20";
				CLANG_ENABLE_MODULES = YES;
				CLANG_ENABLE_OBJC_ARC = YES;
				CLANG_ENABLE_OBJC_WEAK = YES;
				CLANG_WARN_BLOCK_CAPTURE_AUTORELEASING = YES;
				CLANG_WARN_BOOL_CONVERSION = YES;
				CLANG_WARN_COMMA = YES;
				CLANG_WARN_CONSTANT_CONVERSION = YES;
				CLANG_WARN_DEPRECATED_OBJC_IMPLEMENTATIONS = YES;
				CLANG_WARN_DIRECT_OBJC_ISA_USAGE = YES_ERROR;
				CLANG_WARN_DOCUMENTATION_COMMENTS = YES;
				CLANG_WARN_EMPTY_BODY = YES;
				CLANG_WARN_ENUM_CONVERSION = YES;
				CLANG_WARN_INFINITE_RECURSION = YES;
				CLANG_WARN_INT_CONVERSION = YES;
				CLANG_WARN_NON_LITERAL_NULL_CONVERSION = YES;
				CLANG_WARN_OBJC_IMPLICIT_RETAIN_SELF = YES;
				CLANG_WARN_OBJC_LITERAL_CONVERSION = YES;
				CLANG_WARN_OBJC_ROOT_CLASS = YES_ERROR;
				CLANG_WARN_QUOTED_INCLUDE_IN_FRAMEWORK_HEADER = YES;
				CLANG_WARN_RANGE_LOOP_ANALYSIS = YES;
				CLANG_WARN_STRICT_PROTOTYPES = YES;
				CLANG_WARN_SUSPICIOUS_MOVE = YES;
				CLANG_WARN_UNGUARDED_AVAILABILITY = YES_AGGRESSIVE;
				CLANG_WARN_UNREACHABLE_CODE = YES;
				CLANG_WARN__DUPLICATE_METHOD_MATCH = YES;
				COPY_PHASE_STRIP = NO;
				DEBUG_INFORMATION_FORMAT = "dwarf-with-dsym";
				ENABLE_NS_ASSERTIONS = NO;
				ENABLE_STRICT_OBJC_MSGSEND = YES;
				GCC_C_LANGUAGE_STANDARD = gnu11;
				GCC_NO_COMMON_BLOCKS = YES;
				GCC_WARN_64_TO_32_BIT_CONVERSION = YES;
				GCC_WARN_ABOUT_RETURN_TYPE = YES_ERROR;
				GCC_WARN_UNDECLARED_SELECTOR = YES;
				GCC_WARN_UNINITIALIZED_AUTOS = YES_AGGRESSIVE;
				GCC_WARN_UNUSED_FUNCTION = YES;
				GCC_WARN_UNUSED_VARIABLE = YES;
				IPHONEOS_DEPLOYMENT_TARGET = 16.2;
				MTL_ENABLE_DEBUG_INFO = NO;
				MTL_FAST_MATH = YES;
				SDKROOT = iphoneos;
				SWIFT_COMPILATION_MODE = wholemodule;
				SWIFT_OPTIMIZATION_LEVEL = "-O";
				VALIDATE_PRODUCT = YES;
			};
			name = Release;
		};
		FFF85FB729950D0600ED6EAE /* Debug */ = {
			isa = XCBuildConfiguration;
			buildSettings = {
				ASSETCATALOG_COMPILER_APPICON_NAME = AppIcon;
				ASSETCATALOG_COMPILER_GLOBAL_ACCENT_COLOR_NAME = AccentColor;
				CODE_SIGN_STYLE = Automatic;
				CURRENT_PROJECT_VERSION = 1;
				DEVELOPMENT_ASSET_PATHS = "\"PracticeSiwftUI/Preview Content\"";
				DEVELOPMENT_TEAM = HFX859F777;
				ENABLE_PREVIEWS = YES;
				GENERATE_INFOPLIST_FILE = YES;
				INFOPLIST_KEY_UIApplicationSceneManifest_Generation = YES;
				INFOPLIST_KEY_UIApplicationSupportsIndirectInputEvents = YES;
				INFOPLIST_KEY_UILaunchScreen_Generation = YES;
				INFOPLIST_KEY_UISupportedInterfaceOrientations_iPad = "UIInterfaceOrientationPortrait UIInterfaceOrientationPortraitUpsideDown UIInterfaceOrientationLandscapeLeft UIInterfaceOrientationLandscapeRight";
				INFOPLIST_KEY_UISupportedInterfaceOrientations_iPhone = "UIInterfaceOrientationPortrait UIInterfaceOrientationLandscapeLeft UIInterfaceOrientationLandscapeRight";
				LD_RUNPATH_SEARCH_PATHS = (
					"$(inherited)",
					"@executable_path/Frameworks",
				);
				MARKETING_VERSION = 1.0;
				PRODUCT_BUNDLE_IDENTIFIER = me.shanta.sajid.PracticeSiwftUI;
				PRODUCT_NAME = "$(TARGET_NAME)";
				SWIFT_EMIT_LOC_STRINGS = YES;
				SWIFT_VERSION = 5.0;
				TARGETED_DEVICE_FAMILY = "1,2";
			};
			name = Debug;
		};
		FFF85FB829950D0600ED6EAE /* Release */ = {
			isa = XCBuildConfiguration;
			buildSettings = {
				ASSETCATALOG_COMPILER_APPICON_NAME = AppIcon;
				ASSETCATALOG_COMPILER_GLOBAL_ACCENT_COLOR_NAME = AccentColor;
				CODE_SIGN_STYLE = Automatic;
				CURRENT_PROJECT_VERSION = 1;
				DEVELOPMENT_ASSET_PATHS = "\"PracticeSiwftUI/Preview Content\"";
				DEVELOPMENT_TEAM = HFX859F777;
				ENABLE_PREVIEWS = YES;
				GENERATE_INFOPLIST_FILE = YES;
				INFOPLIST_KEY_UIApplicationSceneManifest_Generation = YES;
				INFOPLIST_KEY_UIApplicationSupportsIndirectInputEvents = YES;
				INFOPLIST_KEY_UILaunchScreen_Generation = YES;
				INFOPLIST_KEY_UISupportedInterfaceOrientations_iPad = "UIInterfaceOrientationPortrait UIInterfaceOrientationPortraitUpsideDown UIInterfaceOrientationLandscapeLeft UIInterfaceOrientationLandscapeRight";
				INFOPLIST_KEY_UISupportedInterfaceOrientations_iPhone = "UIInterfaceOrientationPortrait UIInterfaceOrientationLandscapeLeft UIInterfaceOrientationLandscapeRight";
				LD_RUNPATH_SEARCH_PATHS = (
					"$(inherited)",
					"@executable_path/Frameworks",
				);
				MARKETING_VERSION = 1.0;
				PRODUCT_BUNDLE_IDENTIFIER = me.shanta.sajid.PracticeSiwftUI;
				PRODUCT_NAME = "$(TARGET_NAME)";
				SWIFT_EMIT_LOC_STRINGS = YES;
				SWIFT_VERSION = 5.0;
				TARGETED_DEVICE_FAMILY = "1,2";
			};
			name = Release;
		};
/* End XCBuildConfiguration section */

/* Begin XCConfigurationList section */
		FFF85FA329950D0400ED6EAE /* Build configuration list for PBXProject "PracticeSiwftUI" */ = {
			isa = XCConfigurationList;
			buildConfigurations = (
				FFF85FB429950D0600ED6EAE /* Debug */,
				FFF85FB529950D0600ED6EAE /* Release */,
			);
			defaultConfigurationIsVisible = 0;
			defaultConfigurationName = Release;
		};
		FFF85FB629950D0600ED6EAE /* Build configuration list for PBXNativeTarget "PracticeSiwftUI" */ = {
			isa = XCConfigurationList;
			buildConfigurations = (
				FFF85FB729950D0600ED6EAE /* Debug */,
				FFF85FB829950D0600ED6EAE /* Release */,
			);
			defaultConfigurationIsVisible = 0;
			defaultConfigurationName = Release;
		};
/* End XCConfigurationList section */
	};
	rootObject = FFF85FA029950D0400ED6EAE /* Project object */;
}
