// !$*UTF8*$!
{
	archiveVersion = 1;
	classes = {
	};
	objectVersion = 56;
	objects = {

/* Begin PBXBuildFile section */
		FF019590299E9FE100EA57FF /* RotationGesture-Learn.swift in Sources */ = {isa = PBXBuildFile; fileRef = FF01958F299E9FE100EA57FF /* RotationGesture-Learn.swift */; };
		FF019593299EA91E00EA57FF /* DragGesture-Learn.swift in Sources */ = {isa = PBXBuildFile; fileRef = FF019592299EA91E00EA57FF /* DragGesture-Learn.swift */; };
		FF019597299ED39000EA57FF /* DragGesture_Example_TinderCardSwipe.swift in Sources */ = {isa = PBXBuildFile; fileRef = FF019596299ED39000EA57FF /* DragGesture_Example_TinderCardSwipe.swift */; };
		FF019599299FEF9400EA57FF /* DragGesture_Example_2.swift in Sources */ = {isa = PBXBuildFile; fileRef = FF019598299FEF9400EA57FF /* DragGesture_Example_2.swift */; };
		FFA7454129A0F98D0074AEBB /* ScrollViewReader-learn.swift in Sources */ = {isa = PBXBuildFile; fileRef = FFA7454029A0F98D0074AEBB /* ScrollViewReader-learn.swift */; };
		FFA7454329A0FCBE0074AEBB /* ScrollViewReader_learn2.swift in Sources */ = {isa = PBXBuildFile; fileRef = FFA7454229A0FCBE0074AEBB /* ScrollViewReader_learn2.swift */; };
		FFE60599299CFF740002BA40 /* MagnificationGesture-learn.swift in Sources */ = {isa = PBXBuildFile; fileRef = FFE60598299CFF740002BA40 /* MagnificationGesture-learn.swift */; };
		FFE6059B299D41160002BA40 /* MagnificationGesture-Example.swift in Sources */ = {isa = PBXBuildFile; fileRef = FFE6059A299D41160002BA40 /* MagnificationGesture-Example.swift */; };
		FFF85FAC29950D0400ED6EAE /* PracticeSiwftUIApp.swift in Sources */ = {isa = PBXBuildFile; fileRef = FFF85FAB29950D0400ED6EAE /* PracticeSiwftUIApp.swift */; };
		FFF85FAE29950D0400ED6EAE /* ContentView.swift in Sources */ = {isa = PBXBuildFile; fileRef = FFF85FAD29950D0400ED6EAE /* ContentView.swift */; };
		FFF85FB029950D0600ED6EAE /* Assets.xcassets in Resources */ = {isa = PBXBuildFile; fileRef = FFF85FAF29950D0600ED6EAE /* Assets.xcassets */; };
		FFF85FB329950D0600ED6EAE /* Preview Assets.xcassets in Resources */ = {isa = PBXBuildFile; fileRef = FFF85FB229950D0600ED6EAE /* Preview Assets.xcassets */; };
		FFF85FBD299526B000ED6EAE /* LongPressGesture-learn.swift in Sources */ = {isa = PBXBuildFile; fileRef = FFF85FBC299526B000ED6EAE /* LongPressGesture-learn.swift */; };
		FFF85FBF2995281600ED6EAE /* LongPressGesture-Example.swift in Sources */ = {isa = PBXBuildFile; fileRef = FFF85FBE2995281600ED6EAE /* LongPressGesture-Example.swift */; };
/* End PBXBuildFile section */

/* Begin PBXFileReference section */
		FF01958F299E9FE100EA57FF /* RotationGesture-Learn.swift */ = {isa = PBXFileReference; lastKnownFileType = sourcecode.swift; path = "RotationGesture-Learn.swift"; sourceTree = "<group>"; };
		FF019592299EA91E00EA57FF /* DragGesture-Learn.swift */ = {isa = PBXFileReference; lastKnownFileType = sourcecode.swift; path = "DragGesture-Learn.swift"; sourceTree = "<group>"; };
		FF019596299ED39000EA57FF /* DragGesture_Example_TinderCardSwipe.swift */ = {isa = PBXFileReference; lastKnownFileType = sourcecode.swift; path = DragGesture_Example_TinderCardSwipe.swift; sourceTree = "<group>"; };
		FF019598299FEF9400EA57FF /* DragGesture_Example_2.swift */ = {isa = PBXFileReference; lastKnownFileType = sourcecode.swift; path = DragGesture_Example_2.swift; sourceTree = "<group>"; };
		FFA7454029A0F98D0074AEBB /* ScrollViewReader-learn.swift */ = {isa = PBXFileReference; lastKnownFileType = sourcecode.swift; path = "ScrollViewReader-learn.swift"; sourceTree = "<group>"; };
		FFA7454229A0FCBE0074AEBB /* ScrollViewReader_learn2.swift */ = {isa = PBXFileReference; lastKnownFileType = sourcecode.swift; path = ScrollViewReader_learn2.swift; sourceTree = "<group>"; };
		FFE60598299CFF740002BA40 /* MagnificationGesture-learn.swift */ = {isa = PBXFileReference; lastKnownFileType = sourcecode.swift; path = "MagnificationGesture-learn.swift"; sourceTree = "<group>"; };
		FFE6059A299D41160002BA40 /* MagnificationGesture-Example.swift */ = {isa = PBXFileReference; lastKnownFileType = sourcecode.swift; path = "MagnificationGesture-Example.swift"; sourceTree = "<group>"; };
		FFF85FA829950D0400ED6EAE /* PracticeSiwftUI.app */ = {isa = PBXFileReference; explicitFileType = wrapper.application; includeInIndex = 0; path = PracticeSiwftUI.app; sourceTree = BUILT_PRODUCTS_DIR; };
		FFF85FAB29950D0400ED6EAE /* PracticeSiwftUIApp.swift */ = {isa = PBXFileReference; lastKnownFileType = sourcecode.swift; path = PracticeSiwftUIApp.swift; sourceTree = "<group>"; };
		FFF85FAD29950D0400ED6EAE /* ContentView.swift */ = {isa = PBXFileReference; lastKnownFileType = sourcecode.swift; path = ContentView.swift; sourceTree = "<group>"; };
		FFF85FAF29950D0600ED6EAE /* Assets.xcassets */ = {isa = PBXFileReference; lastKnownFileType = folder.assetcatalog; path = Assets.xcassets; sourceTree = "<group>"; };
		FFF85FB229950D0600ED6EAE /* Preview Assets.xcassets */ = {isa = PBXFileReference; lastKnownFileType = folder.assetcatalog; path = "Preview Assets.xcassets"; sourceTree = "<group>"; };
		FFF85FBC299526B000ED6EAE /* LongPressGesture-learn.swift */ = {isa = PBXFileReference; lastKnownFileType = sourcecode.swift; path = "LongPressGesture-learn.swift"; sourceTree = "<group>"; };
		FFF85FBE2995281600ED6EAE /* LongPressGesture-Example.swift */ = {isa = PBXFileReference; lastKnownFileType = sourcecode.swift; path = "LongPressGesture-Example.swift"; sourceTree = "<group>"; };
/* End PBXFileReference section */

/* Begin PBXFrameworksBuildPhase section */
		FFF85FA529950D0400ED6EAE /* Frameworks */ = {
			isa = PBXFrameworksBuildPhase;
			buildActionMask = 2147483647;
			files = (
			);
			runOnlyForDeploymentPostprocessing = 0;
		};
/* End PBXFrameworksBuildPhase section */

/* Begin PBXGroup section */
		FF01958C299E9F6300EA57FF /* RotationGesture */ = {
			isa = PBXGroup;
			children = (
				FF01958F299E9FE100EA57FF /* RotationGesture-Learn.swift */,
			);
			path = RotationGesture;
			sourceTree = "<group>";
		};
		FF019591299EA40C00EA57FF /* DragGesture */ = {
			isa = PBXGroup;
			children = (
				FF019592299EA91E00EA57FF /* DragGesture-Learn.swift */,
				FF019596299ED39000EA57FF /* DragGesture_Example_TinderCardSwipe.swift */,
				FF019598299FEF9400EA57FF /* DragGesture_Example_2.swift */,
			);
			path = DragGesture;
			sourceTree = "<group>";
		};
		FFA7453D29A0F83E0074AEBB /* ScrollViewReader */ = {
			isa = PBXGroup;
			children = (
				FFA7454029A0F98D0074AEBB /* ScrollViewReader-learn.swift */,
				FFA7454229A0FCBE0074AEBB /* ScrollViewReader_learn2.swift */,
			);
			path = ScrollViewReader;
			sourceTree = "<group>";
		};
		FFE60597299CFEF90002BA40 /* MagnificationGesture */ = {
			isa = PBXGroup;
			children = (
				FFE60598299CFF740002BA40 /* MagnificationGesture-learn.swift */,
				FFE6059A299D41160002BA40 /* MagnificationGesture-Example.swift */,
			);
			path = MagnificationGesture;
			sourceTree = "<group>";
		};
		FFF85F9F29950D0400ED6EAE = {
			isa = PBXGroup;
			children = (
				FFF85FAA29950D0400ED6EAE /* PracticeSiwftUI */,
				FFF85FA929950D0400ED6EAE /* Products */,
			);
			sourceTree = "<group>";
		};
		FFF85FA929950D0400ED6EAE /* Products */ = {
			isa = PBXGroup;
			children = (
				FFF85FA829950D0400ED6EAE /* PracticeSiwftUI.app */,
			);
			name = Products;
			sourceTree = "<group>";
		};
		FFF85FAA29950D0400ED6EAE /* PracticeSiwftUI */ = {
			isa = PBXGroup;
			children = (
				FFA7453D29A0F83E0074AEBB /* ScrollViewReader */,
				FF019591299EA40C00EA57FF /* DragGesture */,
				FF01958C299E9F6300EA57FF /* RotationGesture */,
				FFE60597299CFEF90002BA40 /* MagnificationGesture */,
				FFF85FBB2995265D00ED6EAE /* LongPressGesture */,
				FFF85FAB29950D0400ED6EAE /* PracticeSiwftUIApp.swift */,
				FFF85FAD29950D0400ED6EAE /* ContentView.swift */,
				FFF85FAF29950D0600ED6EAE /* Assets.xcassets */,
				FFF85FB129950D0600ED6EAE /* Preview Content */,
			);
			path = PracticeSiwftUI;
			sourceTree = "<group>";
		};
		FFF85FB129950D0600ED6EAE /* Preview Content */ = {
			isa = PBXGroup;
			children = (
				FFF85FB229950D0600ED6EAE /* Preview Assets.xcassets */,
			);
			path = "Preview Content";
			sourceTree = "<group>";
		};
		FFF85FBB2995265D00ED6EAE /* LongPressGesture */ = {
			isa = PBXGroup;
			children = (
				FFF85FBC299526B000ED6EAE /* LongPressGesture-learn.swift */,
				FFF85FBE2995281600ED6EAE /* LongPressGesture-Example.swift */,
			);
			path = LongPressGesture;
			sourceTree = "<group>";
		};
/* End PBXGroup section */

/* Begin PBXNativeTarget section */
		FFF85FA729950D0400ED6EAE /* PracticeSiwftUI */ = {
			isa = PBXNativeTarget;
			buildConfigurationList = FFF85FB629950D0600ED6EAE /* Build configuration list for PBXNativeTarget "PracticeSiwftUI" */;
			buildPhases = (
				FFF85FA429950D0400ED6EAE /* Sources */,
				FFF85FA529950D0400ED6EAE /* Frameworks */,
				FFF85FA629950D0400ED6EAE /* Resources */,
			);
			buildRules = (
			);
			dependencies = (
			);
			name = PracticeSiwftUI;
			productName = PracticeSiwftUI;
			productReference = FFF85FA829950D0400ED6EAE /* PracticeSiwftUI.app */;
			productType = "com.apple.product-type.application";
		};
/* End PBXNativeTarget section */

/* Begin PBXProject section */
		FFF85FA029950D0400ED6EAE /* Project object */ = {
			isa = PBXProject;
			attributes = {
				BuildIndependentTargetsInParallel = 1;
				LastSwiftUpdateCheck = 1420;
				LastUpgradeCheck = 1420;
				TargetAttributes = {
					FFF85FA729950D0400ED6EAE = {
						CreatedOnToolsVersion = 14.2;
					};
				};
			};
			buildConfigurationList = FFF85FA329950D0400ED6EAE /* Build configuration list for PBXProject "PracticeSiwftUI" */;
			compatibilityVersion = "Xcode 14.0";
			developmentRegion = en;
			hasScannedForEncodings = 0;
			knownRegions = (
				en,
				Base,
			);
			mainGroup = FFF85F9F29950D0400ED6EAE;
			productRefGroup = FFF85FA929950D0400ED6EAE /* Products */;
			projectDirPath = "";
			projectRoot = "";
			targets = (
				FFF85FA729950D0400ED6EAE /* PracticeSiwftUI */,
			);
		};
/* End PBXProject section */

/* Begin PBXResourcesBuildPhase section */
		FFF85FA629950D0400ED6EAE /* Resources */ = {
			isa = PBXResourcesBuildPhase;
			buildActionMask = 2147483647;
			files = (
				FFF85FB329950D0600ED6EAE /* Preview Assets.xcassets in Resources */,
				FFF85FB029950D0600ED6EAE /* Assets.xcassets in Resources */,
			);
			runOnlyForDeploymentPostprocessing = 0;
		};
/* End PBXResourcesBuildPhase section */

/* Begin PBXSourcesBuildPhase section */
		FFF85FA429950D0400ED6EAE /* Sources */ = {
			isa = PBXSourcesBuildPhase;
			buildActionMask = 2147483647;
			files = (
				FFA7454329A0FCBE0074AEBB /* ScrollViewReader_learn2.swift in Sources */,
				FF019597299ED39000EA57FF /* DragGesture_Example_TinderCardSwipe.swift in Sources */,
				FF019599299FEF9400EA57FF /* DragGesture_Example_2.swift in Sources */,
				FFE6059B299D41160002BA40 /* MagnificationGesture-Example.swift in Sources */,
				FFF85FAE29950D0400ED6EAE /* ContentView.swift in Sources */,
				FFF85FAC29950D0400ED6EAE /* PracticeSiwftUIApp.swift in Sources */,
				FFE60599299CFF740002BA40 /* MagnificationGesture-learn.swift in Sources */,
				FF019590299E9FE100EA57FF /* RotationGesture-Learn.swift in Sources */,
				FFF85FBF2995281600ED6EAE /* LongPressGesture-Example.swift in Sources */,
				FF019593299EA91E00EA57FF /* DragGesture-Learn.swift in Sources */,
				FFF85FBD299526B000ED6EAE /* LongPressGesture-learn.swift in Sources */,
				FFA7454129A0F98D0074AEBB /* ScrollViewReader-learn.swift in Sources */,
			);
			runOnlyForDeploymentPostprocessing = 0;
		};
/* End PBXSourcesBuildPhase section */

/* Begin XCBuildConfiguration section */
		FFF85FB429950D0600ED6EAE /* Debug */ = {
			isa = XCBuildConfiguration;
			buildSettings = {
				ALWAYS_SEARCH_USER_PATHS = NO;
				CLANG_ANALYZER_NONNULL = YES;
				CLANG_ANALYZER_NUMBER_OBJECT_CONVERSION = YES_AGGRESSIVE;
				CLANG_CXX_LANGUAGE_STANDARD = "gnu++20";
				CLANG_ENABLE_MODULES = YES;
				CLANG_ENABLE_OBJC_ARC = YES;
				CLANG_ENABLE_OBJC_WEAK = YES;
				CLANG_WARN_BLOCK_CAPTURE_AUTORELEASING = YES;
				CLANG_WARN_BOOL_CONVERSION = YES;
				CLANG_WARN_COMMA = YES;
				CLANG_WARN_CONSTANT_CONVERSION = YES;
				CLANG_WARN_DEPRECATED_OBJC_IMPLEMENTATIONS = YES;
				CLANG_WARN_DIRECT_OBJC_ISA_USAGE = YES_ERROR;
				CLANG_WARN_DOCUMENTATION_COMMENTS = YES;
				CLANG_WARN_EMPTY_BODY = YES;
				CLANG_WARN_ENUM_CONVERSION = YES;
				CLANG_WARN_INFINITE_RECURSION = YES;
				CLANG_WARN_INT_CONVERSION = YES;
				CLANG_WARN_NON_LITERAL_NULL_CONVERSION = YES;
				CLANG_WARN_OBJC_IMPLICIT_RETAIN_SELF = YES;
				CLANG_WARN_OBJC_LITERAL_CONVERSION = YES;
				CLANG_WARN_OBJC_ROOT_CLASS = YES_ERROR;
				CLANG_WARN_QUOTED_INCLUDE_IN_FRAMEWORK_HEADER = YES;
				CLANG_WARN_RANGE_LOOP_ANALYSIS = YES;
				CLANG_WARN_STRICT_PROTOTYPES = YES;
				CLANG_WARN_SUSPICIOUS_MOVE = YES;
				CLANG_WARN_UNGUARDED_AVAILABILITY = YES_AGGRESSIVE;
				CLANG_WARN_UNREACHABLE_CODE = YES;
				CLANG_WARN__DUPLICATE_METHOD_MATCH = YES;
				COPY_PHASE_STRIP = NO;
				DEBUG_INFORMATION_FORMAT = dwarf;
				ENABLE_STRICT_OBJC_MSGSEND = YES;
				ENABLE_TESTABILITY = YES;
				GCC_C_LANGUAGE_STANDARD = gnu11;
				GCC_DYNAMIC_NO_PIC = NO;
				GCC_NO_COMMON_BLOCKS = YES;
				GCC_OPTIMIZATION_LEVEL = 0;
				GCC_PREPROCESSOR_DEFINITIONS = (
					"DEBUG=1",
					"$(inherited)",
				);
				GCC_WARN_64_TO_32_BIT_CONVERSION = YES;
				GCC_WARN_ABOUT_RETURN_TYPE = YES_ERROR;
				GCC_WARN_UNDECLARED_SELECTOR = YES;
				GCC_WARN_UNINITIALIZED_AUTOS = YES_AGGRESSIVE;
				GCC_WARN_UNUSED_FUNCTION = YES;
				GCC_WARN_UNUSED_VARIABLE = YES;
				IPHONEOS_DEPLOYMENT_TARGET = 16.2;
				MTL_ENABLE_DEBUG_INFO = INCLUDE_SOURCE;
				MTL_FAST_MATH = YES;
				ONLY_ACTIVE_ARCH = YES;
				SDKROOT = iphoneos;
				SWIFT_ACTIVE_COMPILATION_CONDITIONS = DEBUG;
				SWIFT_OPTIMIZATION_LEVEL = "-Onone";
			};
			name = Debug;
		};
		FFF85FB529950D0600ED6EAE /* Release */ = {
			isa = XCBuildConfiguration;
			buildSettings = {
				ALWAYS_SEARCH_USER_PATHS = NO;
				CLANG_ANALYZER_NONNULL = YES;
				CLANG_ANALYZER_NUMBER_OBJECT_CONVERSION = YES_AGGRESSIVE;
				CLANG_CXX_LANGUAGE_STANDARD = "gnu++20";
				CLANG_ENABLE_MODULES = YES;
				CLANG_ENABLE_OBJC_ARC = YES;
				CLANG_ENABLE_OBJC_WEAK = YES;
				CLANG_WARN_BLOCK_CAPTURE_AUTORELEASING = YES;
				CLANG_WARN_BOOL_CONVERSION = YES;
				CLANG_WARN_COMMA = YES;
				CLANG_WARN_CONSTANT_CONVERSION = YES;
				CLANG_WARN_DEPRECATED_OBJC_IMPLEMENTATIONS = YES;
				CLANG_WARN_DIRECT_OBJC_ISA_USAGE = YES_ERROR;
				CLANG_WARN_DOCUMENTATION_COMMENTS = YES;
				CLANG_WARN_EMPTY_BODY = YES;
				CLANG_WARN_ENUM_CONVERSION = YES;
				CLANG_WARN_INFINITE_RECURSION = YES;
				CLANG_WARN_INT_CONVERSION = YES;
				CLANG_WARN_NON_LITERAL_NULL_CONVERSION = YES;
				CLANG_WARN_OBJC_IMPLICIT_RETAIN_SELF = YES;
				CLANG_WARN_OBJC_LITERAL_CONVERSION = YES;
				CLANG_WARN_OBJC_ROOT_CLASS = YES_ERROR;
				CLANG_WARN_QUOTED_INCLUDE_IN_FRAMEWORK_HEADER = YES;
				CLANG_WARN_RANGE_LOOP_ANALYSIS = YES;
				CLANG_WARN_STRICT_PROTOTYPES = YES;
				CLANG_WARN_SUSPICIOUS_MOVE = YES;
				CLANG_WARN_UNGUARDED_AVAILABILITY = YES_AGGRESSIVE;
				CLANG_WARN_UNREACHABLE_CODE = YES;
				CLANG_WARN__DUPLICATE_METHOD_MATCH = YES;
				COPY_PHASE_STRIP = NO;
				DEBUG_INFORMATION_FORMAT = "dwarf-with-dsym";
				ENABLE_NS_ASSERTIONS = NO;
				ENABLE_STRICT_OBJC_MSGSEND = YES;
				GCC_C_LANGUAGE_STANDARD = gnu11;
				GCC_NO_COMMON_BLOCKS = YES;
				GCC_WARN_64_TO_32_BIT_CONVERSION = YES;
				GCC_WARN_ABOUT_RETURN_TYPE = YES_ERROR;
				GCC_WARN_UNDECLARED_SELECTOR = YES;
				GCC_WARN_UNINITIALIZED_AUTOS = YES_AGGRESSIVE;
				GCC_WARN_UNUSED_FUNCTION = YES;
				GCC_WARN_UNUSED_VARIABLE = YES;
				IPHONEOS_DEPLOYMENT_TARGET = 16.2;
				MTL_ENABLE_DEBUG_INFO = NO;
				MTL_FAST_MATH = YES;
				SDKROOT = iphoneos;
				SWIFT_COMPILATION_MODE = wholemodule;
				SWIFT_OPTIMIZATION_LEVEL = "-O";
				VALIDATE_PRODUCT = YES;
			};
			name = Release;
		};
		FFF85FB729950D0600ED6EAE /* Debug */ = {
			isa = XCBuildConfiguration;
			buildSettings = {
				ASSETCATALOG_COMPILER_APPICON_NAME = AppIcon;
				ASSETCATALOG_COMPILER_GLOBAL_ACCENT_COLOR_NAME = AccentColor;
				CODE_SIGN_STYLE = Automatic;
				CURRENT_PROJECT_VERSION = 1;
				DEVELOPMENT_ASSET_PATHS = "\"PracticeSiwftUI/Preview Content\"";
				DEVELOPMENT_TEAM = HFX859F777;
				ENABLE_PREVIEWS = YES;
				GENERATE_INFOPLIST_FILE = YES;
				INFOPLIST_KEY_UIApplicationSceneManifest_Generation = YES;
				INFOPLIST_KEY_UIApplicationSupportsIndirectInputEvents = YES;
				INFOPLIST_KEY_UILaunchScreen_Generation = YES;
				INFOPLIST_KEY_UISupportedInterfaceOrientations_iPad = "UIInterfaceOrientationPortrait UIInterfaceOrientationPortraitUpsideDown UIInterfaceOrientationLandscapeLeft UIInterfaceOrientationLandscapeRight";
				INFOPLIST_KEY_UISupportedInterfaceOrientations_iPhone = "UIInterfaceOrientationPortrait UIInterfaceOrientationLandscapeLeft UIInterfaceOrientationLandscapeRight";
				LD_RUNPATH_SEARCH_PATHS = (
					"$(inherited)",
					"@executable_path/Frameworks",
				);
				MARKETING_VERSION = 1.0;
				PRODUCT_BUNDLE_IDENTIFIER = me.shanta.sajid.PracticeSiwftUI;
				PRODUCT_NAME = "$(TARGET_NAME)";
				SWIFT_EMIT_LOC_STRINGS = YES;
				SWIFT_VERSION = 5.0;
				TARGETED_DEVICE_FAMILY = "1,2";
			};
			name = Debug;
		};
		FFF85FB829950D0600ED6EAE /* Release */ = {
			isa = XCBuildConfiguration;
			buildSettings = {
				ASSETCATALOG_COMPILER_APPICON_NAME = AppIcon;
				ASSETCATALOG_COMPILER_GLOBAL_ACCENT_COLOR_NAME = AccentColor;
				CODE_SIGN_STYLE = Automatic;
				CURRENT_PROJECT_VERSION = 1;
				DEVELOPMENT_ASSET_PATHS = "\"PracticeSiwftUI/Preview Content\"";
				DEVELOPMENT_TEAM = HFX859F777;
				ENABLE_PREVIEWS = YES;
				GENERATE_INFOPLIST_FILE = YES;
				INFOPLIST_KEY_UIApplicationSceneManifest_Generation = YES;
				INFOPLIST_KEY_UIApplicationSupportsIndirectInputEvents = YES;
				INFOPLIST_KEY_UILaunchScreen_Generation = YES;
				INFOPLIST_KEY_UISupportedInterfaceOrientations_iPad = "UIInterfaceOrientationPortrait UIInterfaceOrientationPortraitUpsideDown UIInterfaceOrientationLandscapeLeft UIInterfaceOrientationLandscapeRight";
				INFOPLIST_KEY_UISupportedInterfaceOrientations_iPhone = "UIInterfaceOrientationPortrait UIInterfaceOrientationLandscapeLeft UIInterfaceOrientationLandscapeRight";
				LD_RUNPATH_SEARCH_PATHS = (
					"$(inherited)",
					"@executable_path/Frameworks",
				);
				MARKETING_VERSION = 1.0;
				PRODUCT_BUNDLE_IDENTIFIER = me.shanta.sajid.PracticeSiwftUI;
				PRODUCT_NAME = "$(TARGET_NAME)";
				SWIFT_EMIT_LOC_STRINGS = YES;
				SWIFT_VERSION = 5.0;
				TARGETED_DEVICE_FAMILY = "1,2";
			};
			name = Release;
		};
/* End XCBuildConfiguration section */

/* Begin XCConfigurationList section */
		FFF85FA329950D0400ED6EAE /* Build configuration list for PBXProject "PracticeSiwftUI" */ = {
			isa = XCConfigurationList;
			buildConfigurations = (
				FFF85FB429950D0600ED6EAE /* Debug */,
				FFF85FB529950D0600ED6EAE /* Release */,
			);
			defaultConfigurationIsVisible = 0;
			defaultConfigurationName = Release;
		};
		FFF85FB629950D0600ED6EAE /* Build configuration list for PBXNativeTarget "PracticeSiwftUI" */ = {
			isa = XCConfigurationList;
			buildConfigurations = (
				FFF85FB729950D0600ED6EAE /* Debug */,
				FFF85FB829950D0600ED6EAE /* Release */,
			);
			defaultConfigurationIsVisible = 0;
			defaultConfigurationName = Release;
		};
/* End XCConfigurationList section */
	};
	rootObject = FFF85FA029950D0400ED6EAE /* Project object */;
}
